
Microsoft Visual Studio Solution File, Format Version 12.00
# Visual Studio Version 17
VisualStudioVersion = 17.6.33723.286
MinimumVisualStudioVersion = 10.0.40219.1
Project("{FAE04EC0-301F-11D3-BF4B-00C04F79EFBC}") = "Interview.WebAPI", "Interview.WebAPI\Interview.WebAPI.csproj", "{EA30B6D3-ED7A-4E24-8BA4-C22F8BA46406}"
EndProject
Global
	GlobalSection(SolutionConfigurationPlatforms) = preSolution
		Debug|Any CPU = Debug|Any CPU
		Release|Any CPU = Release|Any CPU
	EndGlobalSection
	GlobalSection(ProjectConfigurationPlatforms) = postSolution
		{EA30B6D3-ED7A-4E24-8BA4-C22F8BA46406}.Debug|Any CPU.ActiveCfg = Debug|Any CPU
		{EA30B6D3-ED7A-4E24-8BA4-C22F8BA46406}.Debug|Any CPU.Build.0 = Debug|Any CPU
		{EA30B6D3-ED7A-4E24-8BA4-C22F8BA46406}.Release|Any CPU.ActiveCfg = Release|Any CPU
		{EA30B6D3-ED7A-4E24-8BA4-C22F8BA46406}.Release|Any CPU.Build.0 = Release|Any CPU
	EndGlobalSection
	GlobalSection(SolutionProperties) = preSolution
		HideSolutionNode = FALSE
	EndGlobalSection
	GlobalSection(ExtensibilityGlobals) = postSolution
		SolutionGuid = {BB6B4FC8-1777-425D-A63D-3EF9E4FB3746}
	EndGlobalSection
EndGlobal
